
Microsoft Visual Studio Solution File, Format Version 12.00
# Visual Studio Version 17
VisualStudioVersion = 17.14.36603.0 d17.14
MinimumVisualStudioVersion = 10.0.40219.1
Project("{FAE04EC0-301F-11D3-BF4B-00C04F79EFBC}") = "elevator", "elevator\elevator.csproj", "{4F64C750-64A7-4ECD-97E4-355291BBAD7B}"
EndProject
Project("{FAE04EC0-301F-11D3-BF4B-00C04F79EFBC}") = "specialNums", "specialNums\specialNums.csproj", "{85DCBAD2-89B1-4B15-9288-F020ED59712E}"
EndProject
Project("{FAE04EC0-301F-11D3-BF4B-00C04F79EFBC}") = "bulevaProm", "bulevaProm\bulevaProm.csproj", "{371985D3-A4F4-4B9C-AD65-313470DA5ECC}"
EndProject
Project("{FAE04EC0-301F-11D3-BF4B-00C04F79EFBC}") = "trojniLatinBukvi", "trojniLatinBukvi\trojniLatinBukvi.csproj", "{698CB8CE-DF30-4865-8EBA-E82213661847}"
EndProject
Global
	GlobalSection(SolutionConfigurationPlatforms) = preSolution
		Debug|Any CPU = Debug|Any CPU
		Release|Any CPU = Release|Any CPU
	EndGlobalSection
	GlobalSection(ProjectConfigurationPlatforms) = postSolution
		{4F64C750-64A7-4ECD-97E4-355291BBAD7B}.Debug|Any CPU.ActiveCfg = Debug|Any CPU
		{4F64C750-64A7-4ECD-97E4-355291BBAD7B}.Debug|Any CPU.Build.0 = Debug|Any CPU
		{4F64C750-64A7-4ECD-97E4-355291BBAD7B}.Release|Any CPU.ActiveCfg = Release|Any CPU
		{4F64C750-64A7-4ECD-97E4-355291BBAD7B}.Release|Any CPU.Build.0 = Release|Any CPU
		{85DCBAD2-89B1-4B15-9288-F020ED59712E}.Debug|Any CPU.ActiveCfg = Debug|Any CPU
		{85DCBAD2-89B1-4B15-9288-F020ED59712E}.Debug|Any CPU.Build.0 = Debug|Any CPU
		{85DCBAD2-89B1-4B15-9288-F020ED59712E}.Release|Any CPU.ActiveCfg = Release|Any CPU
		{85DCBAD2-89B1-4B15-9288-F020ED59712E}.Release|Any CPU.Build.0 = Release|Any CPU
		{371985D3-A4F4-4B9C-AD65-313470DA5ECC}.Debug|Any CPU.ActiveCfg = Debug|Any CPU
		{371985D3-A4F4-4B9C-AD65-313470DA5ECC}.Debug|Any CPU.Build.0 = Debug|Any CPU
		{371985D3-A4F4-4B9C-AD65-313470DA5ECC}.Release|Any CPU.ActiveCfg = Release|Any CPU
		{371985D3-A4F4-4B9C-AD65-313470DA5ECC}.Release|Any CPU.Build.0 = Release|Any CPU
		{698CB8CE-DF30-4865-8EBA-E82213661847}.Debug|Any CPU.ActiveCfg = Debug|Any CPU
		{698CB8CE-DF30-4865-8EBA-E82213661847}.Debug|Any CPU.Build.0 = Debug|Any CPU
		{698CB8CE-DF30-4865-8EBA-E82213661847}.Release|Any CPU.ActiveCfg = Release|Any CPU
		{698CB8CE-DF30-4865-8EBA-E82213661847}.Release|Any CPU.Build.0 = Release|Any CPU
	EndGlobalSection
	GlobalSection(SolutionProperties) = preSolution
		HideSolutionNode = FALSE
	EndGlobalSection
	GlobalSection(ExtensibilityGlobals) = postSolution
		SolutionGuid = {1DF60A06-7C1A-4A8A-BAD6-224E563A9C77}
	EndGlobalSection
EndGlobal
