
Microsoft Visual Studio Solution File, Format Version 12.00
# Visual Studio Version 17
VisualStudioVersion = 17.14.36603.0 d17.14
MinimumVisualStudioVersion = 10.0.40219.1
Project("{FAE04EC0-301F-11D3-BF4B-00C04F79EFBC}") = "zad1", "zad1\zad1.csproj", "{F01B8E7E-CC32-42AD-9329-D28E0FB10366}"
EndProject
Project("{FAE04EC0-301F-11D3-BF4B-00C04F79EFBC}") = "zad2", "zad2\zad2.csproj", "{CA842443-FD70-4E2D-B6DD-056C331F3114}"
EndProject
Project("{FAE04EC0-301F-11D3-BF4B-00C04F79EFBC}") = "naj-dyldaPosledovatelnost", "obrabotkaNaMasiv\naj-dyldaPosledovatelnost.csproj", "{39186401-F702-4E08-BE0E-2A6E58E8FC1A}"
EndProject
Global
	GlobalSection(SolutionConfigurationPlatforms) = preSolution
		Debug|Any CPU = Debug|Any CPU
		Release|Any CPU = Release|Any CPU
	EndGlobalSection
	GlobalSection(ProjectConfigurationPlatforms) = postSolution
		{F01B8E7E-CC32-42AD-9329-D28E0FB10366}.Debug|Any CPU.ActiveCfg = Debug|Any CPU
		{F01B8E7E-CC32-42AD-9329-D28E0FB10366}.Debug|Any CPU.Build.0 = Debug|Any CPU
		{F01B8E7E-CC32-42AD-9329-D28E0FB10366}.Release|Any CPU.ActiveCfg = Release|Any CPU
		{F01B8E7E-CC32-42AD-9329-D28E0FB10366}.Release|Any CPU.Build.0 = Release|Any CPU
		{CA842443-FD70-4E2D-B6DD-056C331F3114}.Debug|Any CPU.ActiveCfg = Debug|Any CPU
		{CA842443-FD70-4E2D-B6DD-056C331F3114}.Debug|Any CPU.Build.0 = Debug|Any CPU
		{CA842443-FD70-4E2D-B6DD-056C331F3114}.Release|Any CPU.ActiveCfg = Release|Any CPU
		{CA842443-FD70-4E2D-B6DD-056C331F3114}.Release|Any CPU.Build.0 = Release|Any CPU
		{39186401-F702-4E08-BE0E-2A6E58E8FC1A}.Debug|Any CPU.ActiveCfg = Debug|Any CPU
		{39186401-F702-4E08-BE0E-2A6E58E8FC1A}.Debug|Any CPU.Build.0 = Debug|Any CPU
		{39186401-F702-4E08-BE0E-2A6E58E8FC1A}.Release|Any CPU.ActiveCfg = Release|Any CPU
		{39186401-F702-4E08-BE0E-2A6E58E8FC1A}.Release|Any CPU.Build.0 = Release|Any CPU
	EndGlobalSection
	GlobalSection(SolutionProperties) = preSolution
		HideSolutionNode = FALSE
	EndGlobalSection
	GlobalSection(ExtensibilityGlobals) = postSolution
		SolutionGuid = {CE951A89-7667-430E-B816-B5729D73721F}
	EndGlobalSection
EndGlobal
