
Microsoft Visual Studio Solution File, Format Version 12.00
# Visual Studio Version 17
VisualStudioVersion = 17.14.36603.0 d17.14
MinimumVisualStudioVersion = 10.0.40219.1
Project("{FAE04EC0-301F-11D3-BF4B-00C04F79EFBC}") = "zadacha", "zadacha\zadacha.csproj", "{5DDEE787-1C42-4330-8D14-11034FFC405D}"
EndProject
Global
	GlobalSection(SolutionConfigurationPlatforms) = preSolution
		Debug|Any CPU = Debug|Any CPU
		Release|Any CPU = Release|Any CPU
	EndGlobalSection
	GlobalSection(ProjectConfigurationPlatforms) = postSolution
		{5DDEE787-1C42-4330-8D14-11034FFC405D}.Debug|Any CPU.ActiveCfg = Debug|Any CPU
		{5DDEE787-1C42-4330-8D14-11034FFC405D}.Debug|Any CPU.Build.0 = Debug|Any CPU
		{5DDEE787-1C42-4330-8D14-11034FFC405D}.Release|Any CPU.ActiveCfg = Release|Any CPU
		{5DDEE787-1C42-4330-8D14-11034FFC405D}.Release|Any CPU.Build.0 = Release|Any CPU
	EndGlobalSection
	GlobalSection(SolutionProperties) = preSolution
		HideSolutionNode = FALSE
	EndGlobalSection
	GlobalSection(ExtensibilityGlobals) = postSolution
		SolutionGuid = {CA07CCE5-B952-4440-B3E9-0EE7C5272813}
	EndGlobalSection
EndGlobal
