
Microsoft Visual Studio Solution File, Format Version 12.00
# Visual Studio Version 17
VisualStudioVersion = 17.14.36603.0 d17.14
MinimumVisualStudioVersion = 10.0.40219.1
Project("{FAE04EC0-301F-11D3-BF4B-00C04F79EFBC}") = "homework.19.1.26", "homework.19.1.26\homework.19.1.26.csproj", "{BF907E99-3FEF-452B-9957-43BDE2C8112E}"
EndProject
Project("{FAE04EC0-301F-11D3-BF4B-00C04F79EFBC}") = "latBukvi", "latBukvi\latBukvi.csproj", "{7FB99F8D-FCBD-4A7E-90A6-37674F54EB21}"
EndProject
Global
	GlobalSection(SolutionConfigurationPlatforms) = preSolution
		Debug|Any CPU = Debug|Any CPU
		Release|Any CPU = Release|Any CPU
	EndGlobalSection
	GlobalSection(ProjectConfigurationPlatforms) = postSolution
		{BF907E99-3FEF-452B-9957-43BDE2C8112E}.Debug|Any CPU.ActiveCfg = Debug|Any CPU
		{BF907E99-3FEF-452B-9957-43BDE2C8112E}.Debug|Any CPU.Build.0 = Debug|Any CPU
		{BF907E99-3FEF-452B-9957-43BDE2C8112E}.Release|Any CPU.ActiveCfg = Release|Any CPU
		{BF907E99-3FEF-452B-9957-43BDE2C8112E}.Release|Any CPU.Build.0 = Release|Any CPU
		{7FB99F8D-FCBD-4A7E-90A6-37674F54EB21}.Debug|Any CPU.ActiveCfg = Debug|Any CPU
		{7FB99F8D-FCBD-4A7E-90A6-37674F54EB21}.Debug|Any CPU.Build.0 = Debug|Any CPU
		{7FB99F8D-FCBD-4A7E-90A6-37674F54EB21}.Release|Any CPU.ActiveCfg = Release|Any CPU
		{7FB99F8D-FCBD-4A7E-90A6-37674F54EB21}.Release|Any CPU.Build.0 = Release|Any CPU
	EndGlobalSection
	GlobalSection(SolutionProperties) = preSolution
		HideSolutionNode = FALSE
	EndGlobalSection
	GlobalSection(ExtensibilityGlobals) = postSolution
		SolutionGuid = {9E5368DC-4745-4712-94A8-B060AFCEBAA9}
	EndGlobalSection
EndGlobal
